// !$*UTF8*$!
{
	archiveVersion = 1;
	classes = {
	};
	objectVersion = 46;
	objects = {

/* Begin PBXBuildFile section */
		019561441D05CB48000178D1 /* RecentViewController.swift in Sources */ = {isa = PBXBuildFile; fileRef = 019561431D05CB48000178D1 /* RecentViewController.swift */; };
		019561461D05CB88000178D1 /* FeedViewController.swift in Sources */ = {isa = PBXBuildFile; fileRef = 019561451D05CB88000178D1 /* FeedViewController.swift */; };
		019561571D072571000178D1 /* PlaceholderTableViewCell.swift in Sources */ = {isa = PBXBuildFile; fileRef = 019561561D072571000178D1 /* PlaceholderTableViewCell.swift */; };
		019561591D072585000178D1 /* PlaceholderTableViewCell.xib in Resources */ = {isa = PBXBuildFile; fileRef = 019561581D072585000178D1 /* PlaceholderTableViewCell.xib */; };
		01AD7EB81CDCD57300211144 /* AppDelegate.swift in Sources */ = {isa = PBXBuildFile; fileRef = 01AD7EB71CDCD57300211144 /* AppDelegate.swift */; };
		01AD7EBD1CDCD57300211144 /* Main.storyboard in Resources */ = {isa = PBXBuildFile; fileRef = 01AD7EBB1CDCD57300211144 /* Main.storyboard */; };
		01AD7EBF1CDCD57300211144 /* Assets.xcassets in Resources */ = {isa = PBXBuildFile; fileRef = 01AD7EBE1CDCD57300211144 /* Assets.xcassets */; };
		01AD7EC21CDCD57300211144 /* LaunchScreen.storyboard in Resources */ = {isa = PBXBuildFile; fileRef = 01AD7EC01CDCD57300211144 /* LaunchScreen.storyboard */; };
		01AD7ECD1CDCD57300211144 /* buzuTests.swift in Sources */ = {isa = PBXBuildFile; fileRef = 01AD7ECC1CDCD57300211144 /* buzuTests.swift */; };
		01AD7ED81CDCD57300211144 /* buzuUITests.swift in Sources */ = {isa = PBXBuildFile; fileRef = 01AD7ED71CDCD57300211144 /* buzuUITests.swift */; };
		01AD7EE71CDCD8E400211144 /* ServiceManager.swift in Sources */ = {isa = PBXBuildFile; fileRef = 01AD7EE61CDCD8E400211144 /* ServiceManager.swift */; };
		01AD7EE91CDCD91000211144 /* Constants.swift in Sources */ = {isa = PBXBuildFile; fileRef = 01AD7EE81CDCD91000211144 /* Constants.swift */; };
		01AD7EF11CE088F900211144 /* BZTabBarController.swift in Sources */ = {isa = PBXBuildFile; fileRef = 01AD7EF01CE088F900211144 /* BZTabBarController.swift */; };
		01E0F1D71CE22D86009B2147 /* AppManager.swift in Sources */ = {isa = PBXBuildFile; fileRef = 01E0F1D61CE22D86009B2147 /* AppManager.swift */; };
		01E0F1DA1CE33A41009B2147 /* SearchViewController.swift in Sources */ = {isa = PBXBuildFile; fileRef = 01E0F1D91CE33A41009B2147 /* SearchViewController.swift */; };
		01E0F1DC1CE33A7D009B2147 /* BusLaneTableViewCell.xib in Resources */ = {isa = PBXBuildFile; fileRef = 01E0F1DB1CE33A7D009B2147 /* BusLaneTableViewCell.xib */; };
		01E0F1DE1CE33A8A009B2147 /* BusLaneTableViewCell.swift in Sources */ = {isa = PBXBuildFile; fileRef = 01E0F1DD1CE33A8A009B2147 /* BusLaneTableViewCell.swift */; };
		934CB61231656E21393E951F /* Pods_buzu.framework in Frameworks */ = {isa = PBXBuildFile; fileRef = 74428ED52B1BDF69F5678ACB /* Pods_buzu.framework */; };
/* End PBXBuildFile section */

/* Begin PBXContainerItemProxy section */
		01AD7EC91CDCD57300211144 /* PBXContainerItemProxy */ = {
			isa = PBXContainerItemProxy;
			containerPortal = 01AD7EAC1CDCD57300211144 /* Project object */;
			proxyType = 1;
			remoteGlobalIDString = 01AD7EB31CDCD57300211144;
			remoteInfo = buzu;
		};
		01AD7ED41CDCD57300211144 /* PBXContainerItemProxy */ = {
			isa = PBXContainerItemProxy;
			containerPortal = 01AD7EAC1CDCD57300211144 /* Project object */;
			proxyType = 1;
			remoteGlobalIDString = 01AD7EB31CDCD57300211144;
			remoteInfo = buzu;
		};
/* End PBXContainerItemProxy section */

/* Begin PBXFileReference section */
		019561431D05CB48000178D1 /* RecentViewController.swift */ = {isa = PBXFileReference; fileEncoding = 4; lastKnownFileType = sourcecode.swift; name = RecentViewController.swift; path = Controllers/RecentViewController.swift; sourceTree = "<group>"; };
		019561451D05CB88000178D1 /* FeedViewController.swift */ = {isa = PBXFileReference; fileEncoding = 4; lastKnownFileType = sourcecode.swift; name = FeedViewController.swift; path = Controllers/FeedViewController.swift; sourceTree = "<group>"; };
		019561561D072571000178D1 /* PlaceholderTableViewCell.swift */ = {isa = PBXFileReference; fileEncoding = 4; lastKnownFileType = sourcecode.swift; name = PlaceholderTableViewCell.swift; path = Controllers/Cells/PlaceholderTableViewCell.swift; sourceTree = "<group>"; };
		019561581D072585000178D1 /* PlaceholderTableViewCell.xib */ = {isa = PBXFileReference; fileEncoding = 4; lastKnownFileType = file.xib; name = PlaceholderTableViewCell.xib; path = Controllers/Cells/PlaceholderTableViewCell.xib; sourceTree = "<group>"; };
		01AD7EB41CDCD57300211144 /* buzu.app */ = {isa = PBXFileReference; explicitFileType = wrapper.application; includeInIndex = 0; path = buzu.app; sourceTree = BUILT_PRODUCTS_DIR; };
		01AD7EB71CDCD57300211144 /* AppDelegate.swift */ = {isa = PBXFileReference; lastKnownFileType = sourcecode.swift; path = AppDelegate.swift; sourceTree = "<group>"; };
		01AD7EBC1CDCD57300211144 /* Base */ = {isa = PBXFileReference; lastKnownFileType = file.storyboard; name = Base; path = Base.lproj/Main.storyboard; sourceTree = "<group>"; };
		01AD7EBE1CDCD57300211144 /* Assets.xcassets */ = {isa = PBXFileReference; lastKnownFileType = folder.assetcatalog; path = Assets.xcassets; sourceTree = "<group>"; };
		01AD7EC11CDCD57300211144 /* Base */ = {isa = PBXFileReference; lastKnownFileType = file.storyboard; name = Base; path = Base.lproj/LaunchScreen.storyboard; sourceTree = "<group>"; };
		01AD7EC31CDCD57300211144 /* Info.plist */ = {isa = PBXFileReference; lastKnownFileType = text.plist.xml; path = Info.plist; sourceTree = "<group>"; };
		01AD7EC81CDCD57300211144 /* buzuTests.xctest */ = {isa = PBXFileReference; explicitFileType = wrapper.cfbundle; includeInIndex = 0; path = buzuTests.xctest; sourceTree = BUILT_PRODUCTS_DIR; };
		01AD7ECC1CDCD57300211144 /* buzuTests.swift */ = {isa = PBXFileReference; lastKnownFileType = sourcecode.swift; path = buzuTests.swift; sourceTree = "<group>"; };
		01AD7ECE1CDCD57300211144 /* Info.plist */ = {isa = PBXFileReference; lastKnownFileType = text.plist.xml; path = Info.plist; sourceTree = "<group>"; };
		01AD7ED31CDCD57300211144 /* buzuUITests.xctest */ = {isa = PBXFileReference; explicitFileType = wrapper.cfbundle; includeInIndex = 0; path = buzuUITests.xctest; sourceTree = BUILT_PRODUCTS_DIR; };
		01AD7ED71CDCD57300211144 /* buzuUITests.swift */ = {isa = PBXFileReference; lastKnownFileType = sourcecode.swift; path = buzuUITests.swift; sourceTree = "<group>"; };
		01AD7ED91CDCD57300211144 /* Info.plist */ = {isa = PBXFileReference; lastKnownFileType = text.plist.xml; path = Info.plist; sourceTree = "<group>"; };
		01AD7EE61CDCD8E400211144 /* ServiceManager.swift */ = {isa = PBXFileReference; fileEncoding = 4; lastKnownFileType = sourcecode.swift; name = ServiceManager.swift; path = Services/ServiceManager.swift; sourceTree = "<group>"; };
		01AD7EE81CDCD91000211144 /* Constants.swift */ = {isa = PBXFileReference; fileEncoding = 4; lastKnownFileType = sourcecode.swift; name = Constants.swift; path = Services/Constants.swift; sourceTree = "<group>"; };
		01AD7EF01CE088F900211144 /* BZTabBarController.swift */ = {isa = PBXFileReference; fileEncoding = 4; lastKnownFileType = sourcecode.swift; path = BZTabBarController.swift; sourceTree = "<group>"; };
		01E0F1D61CE22D86009B2147 /* AppManager.swift */ = {isa = PBXFileReference; fileEncoding = 4; lastKnownFileType = sourcecode.swift; name = AppManager.swift; path = Services/AppManager.swift; sourceTree = "<group>"; };
		01E0F1D91CE33A41009B2147 /* SearchViewController.swift */ = {isa = PBXFileReference; fileEncoding = 4; lastKnownFileType = sourcecode.swift; name = SearchViewController.swift; path = Controllers/SearchViewController.swift; sourceTree = "<group>"; };
		01E0F1DB1CE33A7D009B2147 /* BusLaneTableViewCell.xib */ = {isa = PBXFileReference; fileEncoding = 4; lastKnownFileType = file.xib; name = BusLaneTableViewCell.xib; path = Controllers/Cells/BusLaneTableViewCell.xib; sourceTree = "<group>"; };
		01E0F1DD1CE33A8A009B2147 /* BusLaneTableViewCell.swift */ = {isa = PBXFileReference; fileEncoding = 4; lastKnownFileType = sourcecode.swift; name = BusLaneTableViewCell.swift; path = Controllers/Cells/BusLaneTableViewCell.swift; sourceTree = "<group>"; };
		74428ED52B1BDF69F5678ACB /* Pods_buzu.framework */ = {isa = PBXFileReference; explicitFileType = wrapper.framework; includeInIndex = 0; path = Pods_buzu.framework; sourceTree = BUILT_PRODUCTS_DIR; };
		8B5EC33B1AFAE2E61862B714 /* Pods-buzu.debug.xcconfig */ = {isa = PBXFileReference; includeInIndex = 1; lastKnownFileType = text.xcconfig; name = "Pods-buzu.debug.xcconfig"; path = "Pods/Target Support Files/Pods-buzu/Pods-buzu.debug.xcconfig"; sourceTree = "<group>"; };
		E63D9FEBF0DB337C22C4D225 /* Pods-buzu.release.xcconfig */ = {isa = PBXFileReference; includeInIndex = 1; lastKnownFileType = text.xcconfig; name = "Pods-buzu.release.xcconfig"; path = "Pods/Target Support Files/Pods-buzu/Pods-buzu.release.xcconfig"; sourceTree = "<group>"; };
/* End PBXFileReference section */

/* Begin PBXFrameworksBuildPhase section */
		01AD7EB11CDCD57300211144 /* Frameworks */ = {
			isa = PBXFrameworksBuildPhase;
			buildActionMask = 2147483647;
			files = (
				934CB61231656E21393E951F /* Pods_buzu.framework in Frameworks */,
			);
			runOnlyForDeploymentPostprocessing = 0;
		};
		01AD7EC51CDCD57300211144 /* Frameworks */ = {
			isa = PBXFrameworksBuildPhase;
			buildActionMask = 2147483647;
			files = (
			);
			runOnlyForDeploymentPostprocessing = 0;
		};
		01AD7ED01CDCD57300211144 /* Frameworks */ = {
			isa = PBXFrameworksBuildPhase;
			buildActionMask = 2147483647;
			files = (
			);
			runOnlyForDeploymentPostprocessing = 0;
		};
/* End PBXFrameworksBuildPhase section */

/* Begin PBXGroup section */
		019561471D06C898000178D1 /* App */ = {
			isa = PBXGroup;
			children = (
				01AD7EB71CDCD57300211144 /* AppDelegate.swift */,
				01AD7EF01CE088F900211144 /* BZTabBarController.swift */,
			);
			name = App;
			sourceTree = "<group>";
		};
		01AD7EAB1CDCD57300211144 = {
			isa = PBXGroup;
			children = (
				01AD7EB61CDCD57300211144 /* buzu */,
				01AD7ECB1CDCD57300211144 /* buzuTests */,
				01AD7ED61CDCD57300211144 /* buzuUITests */,
				01AD7EB51CDCD57300211144 /* Products */,
				1DD6EBF43AFB029BEAF7A650 /* Pods */,
				AD43FCCE3C4A9BF986E42F57 /* Frameworks */,
			);
			sourceTree = "<group>";
		};
		01AD7EB51CDCD57300211144 /* Products */ = {
			isa = PBXGroup;
			children = (
				01AD7EB41CDCD57300211144 /* buzu.app */,
				01AD7EC81CDCD57300211144 /* buzuTests.xctest */,
				01AD7ED31CDCD57300211144 /* buzuUITests.xctest */,
			);
			name = Products;
			sourceTree = "<group>";
		};
		01AD7EB61CDCD57300211144 /* buzu */ = {
			isa = PBXGroup;
			children = (
				019561471D06C898000178D1 /* App */,
				01AD7EE51CDCD8CB00211144 /* Service */,
				01AD7EEC1CDCDF5300211144 /* Controllers */,
				01AD7EBB1CDCD57300211144 /* Main.storyboard */,
				01AD7EBE1CDCD57300211144 /* Assets.xcassets */,
				01AD7EC01CDCD57300211144 /* LaunchScreen.storyboard */,
				01AD7EC31CDCD57300211144 /* Info.plist */,
			);
			path = buzu;
			sourceTree = "<group>";
		};
		01AD7ECB1CDCD57300211144 /* buzuTests */ = {
			isa = PBXGroup;
			children = (
				01AD7ECC1CDCD57300211144 /* buzuTests.swift */,
				01AD7ECE1CDCD57300211144 /* Info.plist */,
			);
			path = buzuTests;
			sourceTree = "<group>";
		};
		01AD7ED61CDCD57300211144 /* buzuUITests */ = {
			isa = PBXGroup;
			children = (
				01AD7ED71CDCD57300211144 /* buzuUITests.swift */,
				01AD7ED91CDCD57300211144 /* Info.plist */,
			);
			path = buzuUITests;
			sourceTree = "<group>";
		};
		01AD7EE51CDCD8CB00211144 /* Service */ = {
			isa = PBXGroup;
			children = (
				01AD7EE81CDCD91000211144 /* Constants.swift */,
				01E0F1D61CE22D86009B2147 /* AppManager.swift */,
				01AD7EE61CDCD8E400211144 /* ServiceManager.swift */,
			);
			name = Service;
			sourceTree = "<group>";
		};
		01AD7EEC1CDCDF5300211144 /* Controllers */ = {
			isa = PBXGroup;
			children = (
				01E0F1D81CE33981009B2147 /* Cells */,
				01AD7EED1CDCDF5B00211144 /* Search */,
			);
			name = Controllers;
			sourceTree = "<group>";
		};
		01AD7EED1CDCDF5B00211144 /* Search */ = {
			isa = PBXGroup;
			children = (
				01E0F1D91CE33A41009B2147 /* SearchViewController.swift */,
				019561431D05CB48000178D1 /* RecentViewController.swift */,
				019561451D05CB88000178D1 /* FeedViewController.swift */,
			);
			name = Search;
			sourceTree = "<group>";
		};
		01E0F1D81CE33981009B2147 /* Cells */ = {
			isa = PBXGroup;
			children = (
				019561561D072571000178D1 /* PlaceholderTableViewCell.swift */,
				019561581D072585000178D1 /* PlaceholderTableViewCell.xib */,
				01E0F1DD1CE33A8A009B2147 /* BusLaneTableViewCell.swift */,
				01E0F1DB1CE33A7D009B2147 /* BusLaneTableViewCell.xib */,
			);
			name = Cells;
			sourceTree = "<group>";
		};
		1DD6EBF43AFB029BEAF7A650 /* Pods */ = {
			isa = PBXGroup;
			children = (
				8B5EC33B1AFAE2E61862B714 /* Pods-buzu.debug.xcconfig */,
				E63D9FEBF0DB337C22C4D225 /* Pods-buzu.release.xcconfig */,
			);
			name = Pods;
			sourceTree = "<group>";
		};
		AD43FCCE3C4A9BF986E42F57 /* Frameworks */ = {
			isa = PBXGroup;
			children = (
				74428ED52B1BDF69F5678ACB /* Pods_buzu.framework */,
			);
			name = Frameworks;
			sourceTree = "<group>";
		};
/* End PBXGroup section */

/* Begin PBXNativeTarget section */
		01AD7EB31CDCD57300211144 /* buzu */ = {
			isa = PBXNativeTarget;
			buildConfigurationList = 01AD7EDC1CDCD57300211144 /* Build configuration list for PBXNativeTarget "buzu" */;
			buildPhases = (
				0850BDF3EE1188424F67EB87 /* Check Pods Manifest.lock */,
				01AD7EB01CDCD57300211144 /* Sources */,
				01AD7EB11CDCD57300211144 /* Frameworks */,
				01AD7EB21CDCD57300211144 /* Resources */,
				65CE5AC828FE79B83D27FF09 /* Embed Pods Frameworks */,
				79556FD9E12C50793EE6FAF9 /* Copy Pods Resources */,
			);
			buildRules = (
			);
			dependencies = (
			);
			name = buzu;
			productName = buzu;
			productReference = 01AD7EB41CDCD57300211144 /* buzu.app */;
			productType = "com.apple.product-type.application";
		};
		01AD7EC71CDCD57300211144 /* buzuTests */ = {
			isa = PBXNativeTarget;
			buildConfigurationList = 01AD7EDF1CDCD57300211144 /* Build configuration list for PBXNativeTarget "buzuTests" */;
			buildPhases = (
				01AD7EC41CDCD57300211144 /* Sources */,
				01AD7EC51CDCD57300211144 /* Frameworks */,
				01AD7EC61CDCD57300211144 /* Resources */,
			);
			buildRules = (
			);
			dependencies = (
				01AD7ECA1CDCD57300211144 /* PBXTargetDependency */,
			);
			name = buzuTests;
			productName = buzuTests;
			productReference = 01AD7EC81CDCD57300211144 /* buzuTests.xctest */;
			productType = "com.apple.product-type.bundle.unit-test";
		};
		01AD7ED21CDCD57300211144 /* buzuUITests */ = {
			isa = PBXNativeTarget;
			buildConfigurationList = 01AD7EE21CDCD57300211144 /* Build configuration list for PBXNativeTarget "buzuUITests" */;
			buildPhases = (
				01AD7ECF1CDCD57300211144 /* Sources */,
				01AD7ED01CDCD57300211144 /* Frameworks */,
				01AD7ED11CDCD57300211144 /* Resources */,
			);
			buildRules = (
			);
			dependencies = (
				01AD7ED51CDCD57300211144 /* PBXTargetDependency */,
			);
			name = buzuUITests;
			productName = buzuUITests;
			productReference = 01AD7ED31CDCD57300211144 /* buzuUITests.xctest */;
			productType = "com.apple.product-type.bundle.ui-testing";
		};
/* End PBXNativeTarget section */

/* Begin PBXProject section */
		01AD7EAC1CDCD57300211144 /* Project object */ = {
			isa = PBXProject;
			attributes = {
				LastSwiftUpdateCheck = 0730;
				LastUpgradeCheck = 0730;
				ORGANIZATIONNAME = "Ricardo Hurla";
				TargetAttributes = {
					01AD7EB31CDCD57300211144 = {
						CreatedOnToolsVersion = 7.3.1;
					};
					01AD7EC71CDCD57300211144 = {
						CreatedOnToolsVersion = 7.3.1;
						TestTargetID = 01AD7EB31CDCD57300211144;
					};
					01AD7ED21CDCD57300211144 = {
						CreatedOnToolsVersion = 7.3.1;
						TestTargetID = 01AD7EB31CDCD57300211144;
					};
				};
			};
			buildConfigurationList = 01AD7EAF1CDCD57300211144 /* Build configuration list for PBXProject "buzu" */;
			compatibilityVersion = "Xcode 3.2";
			developmentRegion = English;
			hasScannedForEncodings = 0;
			knownRegions = (
				en,
				Base,
			);
			mainGroup = 01AD7EAB1CDCD57300211144;
			productRefGroup = 01AD7EB51CDCD57300211144 /* Products */;
			projectDirPath = "";
			projectRoot = "";
			targets = (
				01AD7EB31CDCD57300211144 /* buzu */,
				01AD7EC71CDCD57300211144 /* buzuTests */,
				01AD7ED21CDCD57300211144 /* buzuUITests */,
			);
		};
/* End PBXProject section */

/* Begin PBXResourcesBuildPhase section */
		01AD7EB21CDCD57300211144 /* Resources */ = {
			isa = PBXResourcesBuildPhase;
			buildActionMask = 2147483647;
			files = (
				01AD7EC21CDCD57300211144 /* LaunchScreen.storyboard in Resources */,
				01AD7EBF1CDCD57300211144 /* Assets.xcassets in Resources */,
				01E0F1DC1CE33A7D009B2147 /* BusLaneTableViewCell.xib in Resources */,
				01AD7EBD1CDCD57300211144 /* Main.storyboard in Resources */,
				019561591D072585000178D1 /* PlaceholderTableViewCell.xib in Resources */,
			);
			runOnlyForDeploymentPostprocessing = 0;
		};
		01AD7EC61CDCD57300211144 /* Resources */ = {
			isa = PBXResourcesBuildPhase;
			buildActionMask = 2147483647;
			files = (
			);
			runOnlyForDeploymentPostprocessing = 0;
		};
		01AD7ED11CDCD57300211144 /* Resources */ = {
			isa = PBXResourcesBuildPhase;
			buildActionMask = 2147483647;
			files = (
			);
			runOnlyForDeploymentPostprocessing = 0;
		};
/* End PBXResourcesBuildPhase section */

/* Begin PBXShellScriptBuildPhase section */
		0850BDF3EE1188424F67EB87 /* Check Pods Manifest.lock */ = {
			isa = PBXShellScriptBuildPhase;
			buildActionMask = 2147483647;
			files = (
			);
			inputPaths = (
			);
			name = "Check Pods Manifest.lock";
			outputPaths = (
			);
			runOnlyForDeploymentPostprocessing = 0;
			shellPath = /bin/sh;
			shellScript = "diff \"${PODS_ROOT}/../Podfile.lock\" \"${PODS_ROOT}/Manifest.lock\" > /dev/null\nif [[ $? != 0 ]] ; then\n    cat << EOM\nerror: The sandbox is not in sync with the Podfile.lock. Run 'pod install' or update your CocoaPods installation.\nEOM\n    exit 1\nfi\n";
			showEnvVarsInLog = 0;
		};
		65CE5AC828FE79B83D27FF09 /* Embed Pods Frameworks */ = {
			isa = PBXShellScriptBuildPhase;
			buildActionMask = 2147483647;
			files = (
			);
			inputPaths = (
			);
			name = "Embed Pods Frameworks";
			outputPaths = (
			);
			runOnlyForDeploymentPostprocessing = 0;
			shellPath = /bin/sh;
			shellScript = "\"${SRCROOT}/Pods/Target Support Files/Pods-buzu/Pods-buzu-frameworks.sh\"\n";
			showEnvVarsInLog = 0;
		};
		79556FD9E12C50793EE6FAF9 /* Copy Pods Resources */ = {
			isa = PBXShellScriptBuildPhase;
			buildActionMask = 2147483647;
			files = (
			);
			inputPaths = (
			);
			name = "Copy Pods Resources";
			outputPaths = (
			);
			runOnlyForDeploymentPostprocessing = 0;
			shellPath = /bin/sh;
			shellScript = "\"${SRCROOT}/Pods/Target Support Files/Pods-buzu/Pods-buzu-resources.sh\"\n";
			showEnvVarsInLog = 0;
		};
/* End PBXShellScriptBuildPhase section */

/* Begin PBXSourcesBuildPhase section */
		01AD7EB01CDCD57300211144 /* Sources */ = {
			isa = PBXSourcesBuildPhase;
			buildActionMask = 2147483647;
			files = (
				01E0F1DA1CE33A41009B2147 /* SearchViewController.swift in Sources */,
				019561571D072571000178D1 /* PlaceholderTableViewCell.swift in Sources */,
				019561461D05CB88000178D1 /* FeedViewController.swift in Sources */,
				01AD7EB81CDCD57300211144 /* AppDelegate.swift in Sources */,
				01AD7EE71CDCD8E400211144 /* ServiceManager.swift in Sources */,
				01E0F1D71CE22D86009B2147 /* AppManager.swift in Sources */,
				01E0F1DE1CE33A8A009B2147 /* BusLaneTableViewCell.swift in Sources */,
				019561441D05CB48000178D1 /* RecentViewController.swift in Sources */,
				01AD7EF11CE088F900211144 /* BZTabBarController.swift in Sources */,
				01AD7EE91CDCD91000211144 /* Constants.swift in Sources */,
			);
			runOnlyForDeploymentPostprocessing = 0;
		};
		01AD7EC41CDCD57300211144 /* Sources */ = {
			isa = PBXSourcesBuildPhase;
			buildActionMask = 2147483647;
			files = (
				01AD7ECD1CDCD57300211144 /* buzuTests.swift in Sources */,
			);
			runOnlyForDeploymentPostprocessing = 0;
		};
		01AD7ECF1CDCD57300211144 /* Sources */ = {
			isa = PBXSourcesBuildPhase;
			buildActionMask = 2147483647;
			files = (
				01AD7ED81CDCD57300211144 /* buzuUITests.swift in Sources */,
			);
			runOnlyForDeploymentPostprocessing = 0;
		};
/* End PBXSourcesBuildPhase section */

/* Begin PBXTargetDependency section */
		01AD7ECA1CDCD57300211144 /* PBXTargetDependency */ = {
			isa = PBXTargetDependency;
			target = 01AD7EB31CDCD57300211144 /* buzu */;
			targetProxy = 01AD7EC91CDCD57300211144 /* PBXContainerItemProxy */;
		};
		01AD7ED51CDCD57300211144 /* PBXTargetDependency */ = {
			isa = PBXTargetDependency;
			target = 01AD7EB31CDCD57300211144 /* buzu */;
			targetProxy = 01AD7ED41CDCD57300211144 /* PBXContainerItemProxy */;
		};
/* End PBXTargetDependency section */

/* Begin PBXVariantGroup section */
		01AD7EBB1CDCD57300211144 /* Main.storyboard */ = {
			isa = PBXVariantGroup;
			children = (
				01AD7EBC1CDCD57300211144 /* Base */,
			);
			name = Main.storyboard;
			sourceTree = "<group>";
		};
		01AD7EC01CDCD57300211144 /* LaunchScreen.storyboard */ = {
			isa = PBXVariantGroup;
			children = (
				01AD7EC11CDCD57300211144 /* Base */,
			);
			name = LaunchScreen.storyboard;
			sourceTree = "<group>";
		};
/* End PBXVariantGroup section */

/* Begin XCBuildConfiguration section */
		01AD7EDA1CDCD57300211144 /* Debug */ = {
			isa = XCBuildConfiguration;
			buildSettings = {
				ALWAYS_SEARCH_USER_PATHS = NO;
				CLANG_ANALYZER_NONNULL = YES;
				CLANG_CXX_LANGUAGE_STANDARD = "gnu++0x";
				CLANG_CXX_LIBRARY = "libc++";
				CLANG_ENABLE_MODULES = YES;
				CLANG_ENABLE_OBJC_ARC = YES;
				CLANG_WARN_BOOL_CONVERSION = YES;
				CLANG_WARN_CONSTANT_CONVERSION = YES;
				CLANG_WARN_DIRECT_OBJC_ISA_USAGE = YES_ERROR;
				CLANG_WARN_EMPTY_BODY = YES;
				CLANG_WARN_ENUM_CONVERSION = YES;
				CLANG_WARN_INT_CONVERSION = YES;
				CLANG_WARN_OBJC_ROOT_CLASS = YES_ERROR;
				CLANG_WARN_UNREACHABLE_CODE = YES;
				CLANG_WARN__DUPLICATE_METHOD_MATCH = YES;
				"CODE_SIGN_IDENTITY[sdk=iphoneos*]" = "iPhone Developer";
				COPY_PHASE_STRIP = NO;
				DEBUG_INFORMATION_FORMAT = dwarf;
				ENABLE_STRICT_OBJC_MSGSEND = YES;
				ENABLE_TESTABILITY = YES;
				GCC_C_LANGUAGE_STANDARD = gnu99;
				GCC_DYNAMIC_NO_PIC = NO;
				GCC_NO_COMMON_BLOCKS = YES;
				GCC_OPTIMIZATION_LEVEL = 0;
				GCC_PREPROCESSOR_DEFINITIONS = (
					"DEBUG=1",
					"$(inherited)",
				);
				GCC_WARN_64_TO_32_BIT_CONVERSION = YES;
				GCC_WARN_ABOUT_RETURN_TYPE = YES_ERROR;
				GCC_WARN_UNDECLARED_SELECTOR = YES;
				GCC_WARN_UNINITIALIZED_AUTOS = YES_AGGRESSIVE;
				GCC_WARN_UNUSED_FUNCTION = YES;
				GCC_WARN_UNUSED_VARIABLE = YES;
				IPHONEOS_DEPLOYMENT_TARGET = 9.3;
				MTL_ENABLE_DEBUG_INFO = YES;
				ONLY_ACTIVE_ARCH = YES;
				SDKROOT = iphoneos;
				SWIFT_OPTIMIZATION_LEVEL = "-Onone";
			};
			name = Debug;
		};
		01AD7EDB1CDCD57300211144 /* Release */ = {
			isa = XCBuildConfiguration;
			buildSettings = {
				ALWAYS_SEARCH_USER_PATHS = NO;
				CLANG_ANALYZER_NONNULL = YES;
				CLANG_CXX_LANGUAGE_STANDARD = "gnu++0x";
				CLANG_CXX_LIBRARY = "libc++";
				CLANG_ENABLE_MODULES = YES;
				CLANG_ENABLE_OBJC_ARC = YES;
				CLANG_WARN_BOOL_CONVERSION = YES;
				CLANG_WARN_CONSTANT_CONVERSION = YES;
				CLANG_WARN_DIRECT_OBJC_ISA_USAGE = YES_ERROR;
				CLANG_WARN_EMPTY_BODY = YES;
				CLANG_WARN_ENUM_CONVERSION = YES;
				CLANG_WARN_INT_CONVERSION = YES;
				CLANG_WARN_OBJC_ROOT_CLASS = YES_ERROR;
				CLANG_WARN_UNREACHABLE_CODE = YES;
				CLANG_WARN__DUPLICATE_METHOD_MATCH = YES;
				"CODE_SIGN_IDENTITY[sdk=iphoneos*]" = "iPhone Developer";
				COPY_PHASE_STRIP = NO;
				DEBUG_INFORMATION_FORMAT = "dwarf-with-dsym";
				ENABLE_NS_ASSERTIONS = NO;
				ENABLE_STRICT_OBJC_MSGSEND = YES;
				GCC_C_LANGUAGE_STANDARD = gnu99;
				GCC_NO_COMMON_BLOCKS = YES;
				GCC_WARN_64_TO_32_BIT_CONVERSION = YES;
				GCC_WARN_ABOUT_RETURN_TYPE = YES_ERROR;
				GCC_WARN_UNDECLARED_SELECTOR = YES;
				GCC_WARN_UNINITIALIZED_AUTOS = YES_AGGRESSIVE;
				GCC_WARN_UNUSED_FUNCTION = YES;
				GCC_WARN_UNUSED_VARIABLE = YES;
				IPHONEOS_DEPLOYMENT_TARGET = 9.3;
				MTL_ENABLE_DEBUG_INFO = NO;
				SDKROOT = iphoneos;
				VALIDATE_PRODUCT = YES;
			};
			name = Release;
		};
		01AD7EDD1CDCD57300211144 /* Debug */ = {
			isa = XCBuildConfiguration;
			baseConfigurationReference = 8B5EC33B1AFAE2E61862B714 /* Pods-buzu.debug.xcconfig */;
			buildSettings = {
				ASSETCATALOG_COMPILER_APPICON_NAME = AppIcon;
				INFOPLIST_FILE = buzu/Info.plist;
				LD_RUNPATH_SEARCH_PATHS = "$(inherited) @executable_path/Frameworks";
				PRODUCT_BUNDLE_IDENTIFIER = com.rihurla.buzu;
				PRODUCT_NAME = "$(TARGET_NAME)";
			};
			name = Debug;
		};
		01AD7EDE1CDCD57300211144 /* Release */ = {
			isa = XCBuildConfiguration;
			baseConfigurationReference = E63D9FEBF0DB337C22C4D225 /* Pods-buzu.release.xcconfig */;
			buildSettings = {
				ASSETCATALOG_COMPILER_APPICON_NAME = AppIcon;
				INFOPLIST_FILE = buzu/Info.plist;
				LD_RUNPATH_SEARCH_PATHS = "$(inherited) @executable_path/Frameworks";
				PRODUCT_BUNDLE_IDENTIFIER = com.rihurla.buzu;
				PRODUCT_NAME = "$(TARGET_NAME)";
			};
			name = Release;
		};
		01AD7EE01CDCD57300211144 /* Debug */ = {
			isa = XCBuildConfiguration;
			buildSettings = {
				BUNDLE_LOADER = "$(TEST_HOST)";
				INFOPLIST_FILE = buzuTests/Info.plist;
				LD_RUNPATH_SEARCH_PATHS = "$(inherited) @executable_path/Frameworks @loader_path/Frameworks";
				PRODUCT_BUNDLE_IDENTIFIER = com.rihurla.buzuTests;
				PRODUCT_NAME = "$(TARGET_NAME)";
				TEST_HOST = "$(BUILT_PRODUCTS_DIR)/buzu.app/buzu";
			};
			name = Debug;
		};
		01AD7EE11CDCD57300211144 /* Release */ = {
			isa = XCBuildConfiguration;
			buildSettings = {
				BUNDLE_LOADER = "$(TEST_HOST)";
				INFOPLIST_FILE = buzuTests/Info.plist;
				LD_RUNPATH_SEARCH_PATHS = "$(inherited) @executable_path/Frameworks @loader_path/Frameworks";
				PRODUCT_BUNDLE_IDENTIFIER = com.rihurla.buzuTests;
				PRODUCT_NAME = "$(TARGET_NAME)";
				TEST_HOST = "$(BUILT_PRODUCTS_DIR)/buzu.app/buzu";
			};
			name = Release;
		};
		01AD7EE31CDCD57300211144 /* Debug */ = {
			isa = XCBuildConfiguration;
			buildSettings = {
				INFOPLIST_FILE = buzuUITests/Info.plist;
				LD_RUNPATH_SEARCH_PATHS = "$(inherited) @executable_path/Frameworks @loader_path/Frameworks";
				PRODUCT_BUNDLE_IDENTIFIER = com.rihurla.buzuUITests;
				PRODUCT_NAME = "$(TARGET_NAME)";
				TEST_TARGET_NAME = buzu;
			};
			name = Debug;
		};
		01AD7EE41CDCD57300211144 /* Release */ = {
			isa = XCBuildConfiguration;
			buildSettings = {
				INFOPLIST_FILE = buzuUITests/Info.plist;
				LD_RUNPATH_SEARCH_PATHS = "$(inherited) @executable_path/Frameworks @loader_path/Frameworks";
				PRODUCT_BUNDLE_IDENTIFIER = com.rihurla.buzuUITests;
				PRODUCT_NAME = "$(TARGET_NAME)";
				TEST_TARGET_NAME = buzu;
			};
			name = Release;
		};
/* End XCBuildConfiguration section */

/* Begin XCConfigurationList section */
		01AD7EAF1CDCD57300211144 /* Build configuration list for PBXProject "buzu" */ = {
			isa = XCConfigurationList;
			buildConfigurations = (
				01AD7EDA1CDCD57300211144 /* Debug */,
				01AD7EDB1CDCD57300211144 /* Release */,
			);
			defaultConfigurationIsVisible = 0;
			defaultConfigurationName = Release;
		};
		01AD7EDC1CDCD57300211144 /* Build configuration list for PBXNativeTarget "buzu" */ = {
			isa = XCConfigurationList;
			buildConfigurations = (
				01AD7EDD1CDCD57300211144 /* Debug */,
				01AD7EDE1CDCD57300211144 /* Release */,
			);
			defaultConfigurationIsVisible = 0;
			defaultConfigurationName = Release;
		};
		01AD7EDF1CDCD57300211144 /* Build configuration list for PBXNativeTarget "buzuTests" */ = {
			isa = XCConfigurationList;
			buildConfigurations = (
				01AD7EE01CDCD57300211144 /* Debug */,
				01AD7EE11CDCD57300211144 /* Release */,
			);
			defaultConfigurationIsVisible = 0;
			defaultConfigurationName = Release;
		};
		01AD7EE21CDCD57300211144 /* Build configuration list for PBXNativeTarget "buzuUITests" */ = {
			isa = XCConfigurationList;
			buildConfigurations = (
				01AD7EE31CDCD57300211144 /* Debug */,
				01AD7EE41CDCD57300211144 /* Release */,
			);
			defaultConfigurationIsVisible = 0;
			defaultConfigurationName = Release;
		};
/* End XCConfigurationList section */
	};
	rootObject = 01AD7EAC1CDCD57300211144 /* Project object */;
}
