<?xml version="1.0" encoding="UTF-8"?>
<!DOCTYPE plist PUBLIC "-//Apple//DTD PLIST 1.0//EN" "http://www.apple.com/DTDs/PropertyList-1.0.dtd">
<plist version="1.0">
<dict>
	<key>archiveVersion</key>
	<string>1</string>
	<key>classes</key>
	<dict/>
	<key>objectVersion</key>
	<string>46</string>
	<key>objects</key>
	<dict>
		<key>01376DEC1D115FCB0010123C</key>
		<dict>
			<key>buildActionMask</key>
			<string>2147483647</string>
			<key>files</key>
			<array/>
			<key>inputPaths</key>
			<array/>
			<key>isa</key>
			<string>PBXShellScriptBuildPhase</string>
			<key>outputPaths</key>
			<array/>
			<key>runOnlyForDeploymentPostprocessing</key>
			<string>0</string>
			<key>shellPath</key>
			<string>/bin/sh</string>
			<key>shellScript</key>
			<string>"${PODS_ROOT}/Fabric/run" 0db5d17aa276ce4e5f5a8cd0a9fea262fce6eb90 349afda0c2c7531e9e2a46d11ba176f5a7d351a7c46ebc30bf36df998ec13ae1</string>
		</dict>
		<key>016F47991D0EE4EB002798B2</key>
		<dict>
			<key>fileEncoding</key>
			<string>4</string>
			<key>isa</key>
			<string>PBXFileReference</string>
			<key>lastKnownFileType</key>
			<string>sourcecode.swift</string>
			<key>name</key>
			<string>MapViewController.swift</string>
			<key>path</key>
			<string>Controllers/MapViewController.swift</string>
			<key>sourceTree</key>
			<string>&lt;group&gt;</string>
		</dict>
		<key>016F479A1D0EE4EB002798B2</key>
		<dict>
			<key>fileRef</key>
			<string>016F47991D0EE4EB002798B2</string>
			<key>isa</key>
			<string>PBXBuildFile</string>
		</dict>
		<key>019561431D05CB48000178D1</key>
		<dict>
			<key>fileEncoding</key>
			<string>4</string>
			<key>isa</key>
			<string>PBXFileReference</string>
			<key>lastKnownFileType</key>
			<string>sourcecode.swift</string>
			<key>name</key>
			<string>FavoritesViewController.swift</string>
			<key>path</key>
			<string>Controllers/FavoritesViewController.swift</string>
			<key>sourceTree</key>
			<string>&lt;group&gt;</string>
		</dict>
		<key>019561441D05CB48000178D1</key>
		<dict>
			<key>fileRef</key>
			<string>019561431D05CB48000178D1</string>
			<key>isa</key>
			<string>PBXBuildFile</string>
		</dict>
		<key>019561451D05CB88000178D1</key>
		<dict>
			<key>fileEncoding</key>
			<string>4</string>
			<key>isa</key>
			<string>PBXFileReference</string>
			<key>lastKnownFileType</key>
			<string>sourcecode.swift</string>
			<key>name</key>
			<string>FeedViewController.swift</string>
			<key>path</key>
			<string>Controllers/FeedViewController.swift</string>
			<key>sourceTree</key>
			<string>&lt;group&gt;</string>
		</dict>
		<key>019561461D05CB88000178D1</key>
		<dict>
			<key>fileRef</key>
			<string>019561451D05CB88000178D1</string>
			<key>isa</key>
			<string>PBXBuildFile</string>
		</dict>
		<key>019561471D06C898000178D1</key>
		<dict>
			<key>children</key>
			<array>
				<string>01ACE7E31D129E7900F3A65A</string>
				<string>01AD7EB71CDCD57300211144</string>
				<string>01AD7EF01CE088F900211144</string>
			</array>
			<key>isa</key>
			<string>PBXGroup</string>
			<key>name</key>
			<string>App</string>
			<key>sourceTree</key>
			<string>&lt;group&gt;</string>
		</dict>
		<key>019561561D072571000178D1</key>
		<dict>
			<key>fileEncoding</key>
			<string>4</string>
			<key>isa</key>
			<string>PBXFileReference</string>
			<key>lastKnownFileType</key>
			<string>sourcecode.swift</string>
			<key>name</key>
			<string>PlaceholderTableViewCell.swift</string>
			<key>path</key>
			<string>Controllers/Cells/PlaceholderTableViewCell.swift</string>
			<key>sourceTree</key>
			<string>&lt;group&gt;</string>
		</dict>
		<key>019561571D072571000178D1</key>
		<dict>
			<key>fileRef</key>
			<string>019561561D072571000178D1</string>
			<key>isa</key>
			<string>PBXBuildFile</string>
		</dict>
		<key>019561581D072585000178D1</key>
		<dict>
			<key>fileEncoding</key>
			<string>4</string>
			<key>isa</key>
			<string>PBXFileReference</string>
			<key>lastKnownFileType</key>
			<string>file.xib</string>
			<key>name</key>
			<string>PlaceholderTableViewCell.xib</string>
			<key>path</key>
			<string>Controllers/Cells/PlaceholderTableViewCell.xib</string>
			<key>sourceTree</key>
			<string>&lt;group&gt;</string>
		</dict>
		<key>019561591D072585000178D1</key>
		<dict>
			<key>fileRef</key>
			<string>019561581D072585000178D1</string>
			<key>isa</key>
			<string>PBXBuildFile</string>
		</dict>
		<key>01ACE7E31D129E7900F3A65A</key>
		<dict>
			<key>isa</key>
			<string>PBXFileReference</string>
			<key>lastKnownFileType</key>
			<string>sourcecode.c.h</string>
			<key>path</key>
			<string>buzu-Bridging-Header.h</string>
			<key>sourceTree</key>
			<string>SOURCE_ROOT</string>
		</dict>
		<key>01AD7EAB1CDCD57300211144</key>
		<dict>
			<key>children</key>
			<array>
				<string>01AD7EB61CDCD57300211144</string>
				<string>01AD7ECB1CDCD57300211144</string>
				<string>01AD7ED61CDCD57300211144</string>
				<string>01AD7EB51CDCD57300211144</string>
				<string>1DD6EBF43AFB029BEAF7A650</string>
				<string>AD43FCCE3C4A9BF986E42F57</string>
			</array>
			<key>isa</key>
			<string>PBXGroup</string>
			<key>sourceTree</key>
			<string>&lt;group&gt;</string>
		</dict>
		<key>01AD7EAC1CDCD57300211144</key>
		<dict>
			<key>attributes</key>
			<dict>
				<key>LastSwiftUpdateCheck</key>
				<string>0730</string>
				<key>LastUpgradeCheck</key>
				<string>0730</string>
				<key>ORGANIZATIONNAME</key>
				<string>Ricardo Hurla</string>
				<key>TargetAttributes</key>
				<dict>
					<key>01AD7EB31CDCD57300211144</key>
					<dict>
						<key>CreatedOnToolsVersion</key>
						<string>7.3.1</string>
						<key>DevelopmentTeam</key>
						<string>YR5U8QDANM</string>
					</dict>
					<key>01AD7EC71CDCD57300211144</key>
					<dict>
						<key>CreatedOnToolsVersion</key>
						<string>7.3.1</string>
						<key>TestTargetID</key>
						<string>01AD7EB31CDCD57300211144</string>
					</dict>
					<key>01AD7ED21CDCD57300211144</key>
					<dict>
						<key>CreatedOnToolsVersion</key>
						<string>7.3.1</string>
						<key>TestTargetID</key>
						<string>01AD7EB31CDCD57300211144</string>
					</dict>
				</dict>
			</dict>
			<key>buildConfigurationList</key>
			<string>01AD7EAF1CDCD57300211144</string>
			<key>compatibilityVersion</key>
			<string>Xcode 3.2</string>
			<key>developmentRegion</key>
			<string>English</string>
			<key>hasScannedForEncodings</key>
			<string>0</string>
			<key>isa</key>
			<string>PBXProject</string>
			<key>knownRegions</key>
			<array>
				<string>en</string>
				<string>Base</string>
			</array>
			<key>mainGroup</key>
			<string>01AD7EAB1CDCD57300211144</string>
			<key>productRefGroup</key>
			<string>01AD7EB51CDCD57300211144</string>
			<key>projectDirPath</key>
			<string></string>
			<key>projectReferences</key>
			<array/>
			<key>projectRoot</key>
			<string></string>
			<key>targets</key>
			<array>
				<string>01AD7EB31CDCD57300211144</string>
				<string>01AD7EC71CDCD57300211144</string>
				<string>01AD7ED21CDCD57300211144</string>
			</array>
		</dict>
		<key>01AD7EAF1CDCD57300211144</key>
		<dict>
			<key>buildConfigurations</key>
			<array>
				<string>01AD7EDA1CDCD57300211144</string>
				<string>01AD7EDB1CDCD57300211144</string>
			</array>
			<key>defaultConfigurationIsVisible</key>
			<string>0</string>
			<key>defaultConfigurationName</key>
			<string>Release</string>
			<key>isa</key>
			<string>XCConfigurationList</string>
		</dict>
		<key>01AD7EB01CDCD57300211144</key>
		<dict>
			<key>buildActionMask</key>
			<string>2147483647</string>
			<key>files</key>
			<array>
				<string>016F479A1D0EE4EB002798B2</string>
				<string>01E0F1DA1CE33A41009B2147</string>
				<string>019561571D072571000178D1</string>
				<string>01C648141D0EF401008BF607</string>
				<string>019561461D05CB88000178D1</string>
				<string>01E720B01D1063A000160F66</string>
				<string>01AD7EB81CDCD57300211144</string>
				<string>01AD7EE71CDCD8E400211144</string>
				<string>01E0F1D71CE22D86009B2147</string>
				<string>01E0F1DE1CE33A8A009B2147</string>
				<string>019561441D05CB48000178D1</string>
				<string>01AD7EF11CE088F900211144</string>
				<string>01AD7EE91CDCD91000211144</string>
			</array>
			<key>isa</key>
			<string>PBXSourcesBuildPhase</string>
			<key>runOnlyForDeploymentPostprocessing</key>
			<string>0</string>
		</dict>
		<key>01AD7EB11CDCD57300211144</key>
		<dict>
			<key>buildActionMask</key>
			<string>2147483647</string>
			<key>files</key>
			<array>
				<string>934CB61231656E21393E951F</string>
			</array>
			<key>isa</key>
			<string>PBXFrameworksBuildPhase</string>
			<key>runOnlyForDeploymentPostprocessing</key>
			<string>0</string>
		</dict>
		<key>01AD7EB21CDCD57300211144</key>
		<dict>
			<key>buildActionMask</key>
			<string>2147483647</string>
			<key>files</key>
			<array>
				<string>01AD7EC21CDCD57300211144</string>
				<string>01E0F1DC1CE33A7D009B2147</string>
				<string>01AD7EBD1CDCD57300211144</string>
				<string>01E720B21D1063B300160F66</string>
				<string>019561591D072585000178D1</string>
				<string>01E720AA1D104F7F00160F66</string>
			</array>
			<key>isa</key>
			<string>PBXResourcesBuildPhase</string>
			<key>runOnlyForDeploymentPostprocessing</key>
			<string>0</string>
		</dict>
		<key>01AD7EB31CDCD57300211144</key>
		<dict>
			<key>buildConfigurationList</key>
			<string>01AD7EDC1CDCD57300211144</string>
			<key>buildPhases</key>
			<array>
				<string>0850BDF3EE1188424F67EB87</string>
				<string>01AD7EB01CDCD57300211144</string>
				<string>01AD7EB11CDCD57300211144</string>
				<string>01AD7EB21CDCD57300211144</string>
				<string>65CE5AC828FE79B83D27FF09</string>
				<string>79556FD9E12C50793EE6FAF9</string>
				<string>01376DEC1D115FCB0010123C</string>
			</array>
			<key>buildRules</key>
			<array/>
			<key>dependencies</key>
			<array/>
			<key>isa</key>
			<string>PBXNativeTarget</string>
			<key>name</key>
			<string>buzu</string>
			<key>productName</key>
			<string>buzu</string>
			<key>productReference</key>
			<string>01AD7EB41CDCD57300211144</string>
			<key>productType</key>
			<string>com.apple.product-type.application</string>
		</dict>
		<key>01AD7EB41CDCD57300211144</key>
		<dict>
			<key>explicitFileType</key>
			<string>wrapper.application</string>
			<key>includeInIndex</key>
			<string>0</string>
			<key>isa</key>
			<string>PBXFileReference</string>
			<key>path</key>
			<string>buzu.app</string>
			<key>sourceTree</key>
			<string>BUILT_PRODUCTS_DIR</string>
		</dict>
		<key>01AD7EB51CDCD57300211144</key>
		<dict>
			<key>children</key>
			<array>
				<string>01AD7EB41CDCD57300211144</string>
				<string>01AD7EC81CDCD57300211144</string>
				<string>01AD7ED31CDCD57300211144</string>
			</array>
			<key>isa</key>
			<string>PBXGroup</string>
			<key>name</key>
			<string>Products</string>
			<key>sourceTree</key>
			<string>&lt;group&gt;</string>
		</dict>
		<key>01AD7EB61CDCD57300211144</key>
		<dict>
			<key>children</key>
			<array>
				<string>01E720A91D104F7F00160F66</string>
				<string>019561471D06C898000178D1</string>
				<string>01AD7EE51CDCD8CB00211144</string>
				<string>01AD7EEC1CDCDF5300211144</string>
				<string>01AD7EBB1CDCD57300211144</string>
				<string>01AD7EC01CDCD57300211144</string>
				<string>01AD7EC31CDCD57300211144</string>
			</array>
			<key>isa</key>
			<string>PBXGroup</string>
			<key>path</key>
			<string>buzu</string>
			<key>sourceTree</key>
			<string>&lt;group&gt;</string>
		</dict>
		<key>01AD7EB71CDCD57300211144</key>
		<dict>
			<key>isa</key>
			<string>PBXFileReference</string>
			<key>lastKnownFileType</key>
			<string>sourcecode.swift</string>
			<key>path</key>
			<string>AppDelegate.swift</string>
			<key>sourceTree</key>
			<string>&lt;group&gt;</string>
		</dict>
		<key>01AD7EB81CDCD57300211144</key>
		<dict>
			<key>fileRef</key>
			<string>01AD7EB71CDCD57300211144</string>
			<key>isa</key>
			<string>PBXBuildFile</string>
		</dict>
		<key>01AD7EBB1CDCD57300211144</key>
		<dict>
			<key>children</key>
			<array>
				<string>01AD7EBC1CDCD57300211144</string>
			</array>
			<key>isa</key>
			<string>PBXVariantGroup</string>
			<key>name</key>
			<string>Main.storyboard</string>
			<key>sourceTree</key>
			<string>&lt;group&gt;</string>
		</dict>
		<key>01AD7EBC1CDCD57300211144</key>
		<dict>
			<key>isa</key>
			<string>PBXFileReference</string>
			<key>lastKnownFileType</key>
			<string>file.storyboard</string>
			<key>name</key>
			<string>Base</string>
			<key>path</key>
			<string>Base.lproj/Main.storyboard</string>
			<key>sourceTree</key>
			<string>&lt;group&gt;</string>
		</dict>
		<key>01AD7EBD1CDCD57300211144</key>
		<dict>
			<key>fileRef</key>
			<string>01AD7EBB1CDCD57300211144</string>
			<key>isa</key>
			<string>PBXBuildFile</string>
		</dict>
		<key>01AD7EC01CDCD57300211144</key>
		<dict>
			<key>children</key>
			<array>
				<string>01AD7EC11CDCD57300211144</string>
			</array>
			<key>isa</key>
			<string>PBXVariantGroup</string>
			<key>name</key>
			<string>LaunchScreen.storyboard</string>
			<key>sourceTree</key>
			<string>&lt;group&gt;</string>
		</dict>
		<key>01AD7EC11CDCD57300211144</key>
		<dict>
			<key>isa</key>
			<string>PBXFileReference</string>
			<key>lastKnownFileType</key>
			<string>file.storyboard</string>
			<key>name</key>
			<string>Base</string>
			<key>path</key>
			<string>Base.lproj/LaunchScreen.storyboard</string>
			<key>sourceTree</key>
			<string>&lt;group&gt;</string>
		</dict>
		<key>01AD7EC21CDCD57300211144</key>
		<dict>
			<key>fileRef</key>
			<string>01AD7EC01CDCD57300211144</string>
			<key>isa</key>
			<string>PBXBuildFile</string>
		</dict>
		<key>01AD7EC31CDCD57300211144</key>
		<dict>
			<key>isa</key>
			<string>PBXFileReference</string>
			<key>lastKnownFileType</key>
			<string>text.plist.xml</string>
			<key>path</key>
			<string>Info.plist</string>
			<key>sourceTree</key>
			<string>&lt;group&gt;</string>
		</dict>
		<key>01AD7EC41CDCD57300211144</key>
		<dict>
			<key>buildActionMask</key>
			<string>2147483647</string>
			<key>files</key>
			<array>
				<string>01AD7ECD1CDCD57300211144</string>
			</array>
			<key>isa</key>
			<string>PBXSourcesBuildPhase</string>
			<key>runOnlyForDeploymentPostprocessing</key>
			<string>0</string>
		</dict>
		<key>01AD7EC51CDCD57300211144</key>
		<dict>
			<key>buildActionMask</key>
			<string>2147483647</string>
			<key>files</key>
			<array>
				<string>4326226307BE9A4E5AA0462D</string>
			</array>
			<key>isa</key>
			<string>PBXFrameworksBuildPhase</string>
			<key>runOnlyForDeploymentPostprocessing</key>
			<string>0</string>
		</dict>
		<key>01AD7EC61CDCD57300211144</key>
		<dict>
			<key>buildActionMask</key>
			<string>2147483647</string>
			<key>files</key>
			<array/>
			<key>isa</key>
			<string>PBXResourcesBuildPhase</string>
			<key>runOnlyForDeploymentPostprocessing</key>
			<string>0</string>
		</dict>
		<key>01AD7EC71CDCD57300211144</key>
		<dict>
			<key>buildConfigurationList</key>
			<string>01AD7EDF1CDCD57300211144</string>
			<key>buildPhases</key>
			<array>
				<string>551BC556505B334E9FB4BE82</string>
				<string>01AD7EC41CDCD57300211144</string>
				<string>01AD7EC51CDCD57300211144</string>
				<string>01AD7EC61CDCD57300211144</string>
				<string>032C553DA38CBDFD79682552</string>
				<string>5483EDE74DCE1DFA2944B912</string>
			</array>
			<key>buildRules</key>
			<array/>
			<key>dependencies</key>
			<array>
				<string>01AD7ECA1CDCD57300211144</string>
			</array>
			<key>isa</key>
			<string>PBXNativeTarget</string>
			<key>name</key>
			<string>buzuTests</string>
			<key>productName</key>
			<string>buzuTests</string>
			<key>productReference</key>
			<string>01AD7EC81CDCD57300211144</string>
			<key>productType</key>
			<string>com.apple.product-type.bundle.unit-test</string>
		</dict>
		<key>01AD7EC81CDCD57300211144</key>
		<dict>
			<key>explicitFileType</key>
			<string>wrapper.cfbundle</string>
			<key>includeInIndex</key>
			<string>0</string>
			<key>isa</key>
			<string>PBXFileReference</string>
			<key>path</key>
			<string>buzuTests.xctest</string>
			<key>sourceTree</key>
			<string>BUILT_PRODUCTS_DIR</string>
		</dict>
		<key>01AD7EC91CDCD57300211144</key>
		<dict>
			<key>containerPortal</key>
			<string>01AD7EAC1CDCD57300211144</string>
			<key>isa</key>
			<string>PBXContainerItemProxy</string>
			<key>proxyType</key>
			<string>1</string>
			<key>remoteGlobalIDString</key>
			<string>01AD7EB31CDCD57300211144</string>
			<key>remoteInfo</key>
			<string>buzu</string>
		</dict>
		<key>01AD7ECA1CDCD57300211144</key>
		<dict>
			<key>isa</key>
			<string>PBXTargetDependency</string>
			<key>target</key>
			<string>01AD7EB31CDCD57300211144</string>
			<key>targetProxy</key>
			<string>01AD7EC91CDCD57300211144</string>
		</dict>
		<key>01AD7ECB1CDCD57300211144</key>
		<dict>
			<key>children</key>
			<array>
				<string>01AD7ECC1CDCD57300211144</string>
				<string>01AD7ECE1CDCD57300211144</string>
			</array>
			<key>isa</key>
			<string>PBXGroup</string>
			<key>path</key>
			<string>buzuTests</string>
			<key>sourceTree</key>
			<string>&lt;group&gt;</string>
		</dict>
		<key>01AD7ECC1CDCD57300211144</key>
		<dict>
			<key>isa</key>
			<string>PBXFileReference</string>
			<key>lastKnownFileType</key>
			<string>sourcecode.swift</string>
			<key>path</key>
			<string>buzuTests.swift</string>
			<key>sourceTree</key>
			<string>&lt;group&gt;</string>
		</dict>
		<key>01AD7ECD1CDCD57300211144</key>
		<dict>
			<key>fileRef</key>
			<string>01AD7ECC1CDCD57300211144</string>
			<key>isa</key>
			<string>PBXBuildFile</string>
		</dict>
		<key>01AD7ECE1CDCD57300211144</key>
		<dict>
			<key>isa</key>
			<string>PBXFileReference</string>
			<key>lastKnownFileType</key>
			<string>text.plist.xml</string>
			<key>path</key>
			<string>Info.plist</string>
			<key>sourceTree</key>
			<string>&lt;group&gt;</string>
		</dict>
		<key>01AD7ECF1CDCD57300211144</key>
		<dict>
			<key>buildActionMask</key>
			<string>2147483647</string>
			<key>files</key>
			<array>
				<string>01AD7ED81CDCD57300211144</string>
			</array>
			<key>isa</key>
			<string>PBXSourcesBuildPhase</string>
			<key>runOnlyForDeploymentPostprocessing</key>
			<string>0</string>
		</dict>
		<key>01AD7ED01CDCD57300211144</key>
		<dict>
			<key>buildActionMask</key>
			<string>2147483647</string>
			<key>files</key>
			<array/>
			<key>isa</key>
			<string>PBXFrameworksBuildPhase</string>
			<key>runOnlyForDeploymentPostprocessing</key>
			<string>0</string>
		</dict>
		<key>01AD7ED11CDCD57300211144</key>
		<dict>
			<key>buildActionMask</key>
			<string>2147483647</string>
			<key>files</key>
			<array/>
			<key>isa</key>
			<string>PBXResourcesBuildPhase</string>
			<key>runOnlyForDeploymentPostprocessing</key>
			<string>0</string>
		</dict>
		<key>01AD7ED21CDCD57300211144</key>
		<dict>
			<key>buildConfigurationList</key>
			<string>01AD7EE21CDCD57300211144</string>
			<key>buildPhases</key>
			<array>
				<string>01AD7ECF1CDCD57300211144</string>
				<string>01AD7ED01CDCD57300211144</string>
				<string>01AD7ED11CDCD57300211144</string>
			</array>
			<key>buildRules</key>
			<array/>
			<key>dependencies</key>
			<array>
				<string>01AD7ED51CDCD57300211144</string>
			</array>
			<key>isa</key>
			<string>PBXNativeTarget</string>
			<key>name</key>
			<string>buzuUITests</string>
			<key>productName</key>
			<string>buzuUITests</string>
			<key>productReference</key>
			<string>01AD7ED31CDCD57300211144</string>
			<key>productType</key>
			<string>com.apple.product-type.bundle.ui-testing</string>
		</dict>
		<key>01AD7ED31CDCD57300211144</key>
		<dict>
			<key>explicitFileType</key>
			<string>wrapper.cfbundle</string>
			<key>includeInIndex</key>
			<string>0</string>
			<key>isa</key>
			<string>PBXFileReference</string>
			<key>path</key>
			<string>buzuUITests.xctest</string>
			<key>sourceTree</key>
			<string>BUILT_PRODUCTS_DIR</string>
		</dict>
		<key>01AD7ED41CDCD57300211144</key>
		<dict>
			<key>containerPortal</key>
			<string>01AD7EAC1CDCD57300211144</string>
			<key>isa</key>
			<string>PBXContainerItemProxy</string>
			<key>proxyType</key>
			<string>1</string>
			<key>remoteGlobalIDString</key>
			<string>01AD7EB31CDCD57300211144</string>
			<key>remoteInfo</key>
			<string>buzu</string>
		</dict>
		<key>01AD7ED51CDCD57300211144</key>
		<dict>
			<key>isa</key>
			<string>PBXTargetDependency</string>
			<key>target</key>
			<string>01AD7EB31CDCD57300211144</string>
			<key>targetProxy</key>
			<string>01AD7ED41CDCD57300211144</string>
		</dict>
		<key>01AD7ED61CDCD57300211144</key>
		<dict>
			<key>children</key>
			<array>
				<string>01AD7ED71CDCD57300211144</string>
				<string>01AD7ED91CDCD57300211144</string>
			</array>
			<key>isa</key>
			<string>PBXGroup</string>
			<key>path</key>
			<string>buzuUITests</string>
			<key>sourceTree</key>
			<string>&lt;group&gt;</string>
		</dict>
		<key>01AD7ED71CDCD57300211144</key>
		<dict>
			<key>isa</key>
			<string>PBXFileReference</string>
			<key>lastKnownFileType</key>
			<string>sourcecode.swift</string>
			<key>path</key>
			<string>buzuUITests.swift</string>
			<key>sourceTree</key>
			<string>&lt;group&gt;</string>
		</dict>
		<key>01AD7ED81CDCD57300211144</key>
		<dict>
			<key>fileRef</key>
			<string>01AD7ED71CDCD57300211144</string>
			<key>isa</key>
			<string>PBXBuildFile</string>
		</dict>
		<key>01AD7ED91CDCD57300211144</key>
		<dict>
			<key>isa</key>
			<string>PBXFileReference</string>
			<key>lastKnownFileType</key>
			<string>text.plist.xml</string>
			<key>path</key>
			<string>Info.plist</string>
			<key>sourceTree</key>
			<string>&lt;group&gt;</string>
		</dict>
		<key>01AD7EDA1CDCD57300211144</key>
		<dict>
			<key>buildSettings</key>
			<dict>
				<key>ALWAYS_SEARCH_USER_PATHS</key>
				<string>NO</string>
				<key>CLANG_ALLOW_NON_MODULAR_INCLUDES_IN_FRAMEWORK_MODULES</key>
				<string>YES</string>
				<key>CLANG_ANALYZER_NONNULL</key>
				<string>YES</string>
				<key>CLANG_CXX_LANGUAGE_STANDARD</key>
				<string>gnu++0x</string>
				<key>CLANG_CXX_LIBRARY</key>
				<string>libc++</string>
				<key>CLANG_ENABLE_MODULES</key>
				<string>YES</string>
				<key>CLANG_ENABLE_OBJC_ARC</key>
				<string>YES</string>
				<key>CLANG_WARN_BOOL_CONVERSION</key>
				<string>YES</string>
				<key>CLANG_WARN_CONSTANT_CONVERSION</key>
				<string>YES</string>
				<key>CLANG_WARN_DIRECT_OBJC_ISA_USAGE</key>
				<string>YES_ERROR</string>
				<key>CLANG_WARN_EMPTY_BODY</key>
				<string>YES</string>
				<key>CLANG_WARN_ENUM_CONVERSION</key>
				<string>YES</string>
				<key>CLANG_WARN_INT_CONVERSION</key>
				<string>YES</string>
				<key>CLANG_WARN_OBJC_ROOT_CLASS</key>
				<string>YES_ERROR</string>
				<key>CLANG_WARN_UNREACHABLE_CODE</key>
				<string>YES</string>
				<key>CLANG_WARN__DUPLICATE_METHOD_MATCH</key>
				<string>YES</string>
				<key>CODE_SIGN_IDENTITY[sdk=iphoneos*]</key>
				<string>iPhone Developer</string>
				<key>COPY_PHASE_STRIP</key>
				<string>NO</string>
				<key>DEBUG_INFORMATION_FORMAT</key>
				<string>dwarf</string>
				<key>ENABLE_STRICT_OBJC_MSGSEND</key>
				<string>YES</string>
				<key>ENABLE_TESTABILITY</key>
				<string>YES</string>
				<key>GCC_C_LANGUAGE_STANDARD</key>
				<string>gnu99</string>
				<key>GCC_DYNAMIC_NO_PIC</key>
				<string>NO</string>
				<key>GCC_NO_COMMON_BLOCKS</key>
				<string>YES</string>
				<key>GCC_OPTIMIZATION_LEVEL</key>
				<string>0</string>
				<key>GCC_PREPROCESSOR_DEFINITIONS</key>
				<array>
					<string>DEBUG=1</string>
					<string>$(inherited)</string>
				</array>
				<key>GCC_WARN_64_TO_32_BIT_CONVERSION</key>
				<string>YES</string>
				<key>GCC_WARN_ABOUT_RETURN_TYPE</key>
				<string>YES_ERROR</string>
				<key>GCC_WARN_UNDECLARED_SELECTOR</key>
				<string>YES</string>
				<key>GCC_WARN_UNINITIALIZED_AUTOS</key>
				<string>YES_AGGRESSIVE</string>
				<key>GCC_WARN_UNUSED_FUNCTION</key>
				<string>YES</string>
				<key>GCC_WARN_UNUSED_VARIABLE</key>
				<string>YES</string>
				<key>IPHONEOS_DEPLOYMENT_TARGET</key>
				<string>8.0</string>
				<key>MTL_ENABLE_DEBUG_INFO</key>
				<string>YES</string>
				<key>ONLY_ACTIVE_ARCH</key>
				<string>YES</string>
				<key>SDKROOT</key>
				<string>iphoneos</string>
				<key>SWIFT_OPTIMIZATION_LEVEL</key>
				<string>-Onone</string>
			</dict>
			<key>isa</key>
			<string>XCBuildConfiguration</string>
			<key>name</key>
			<string>Debug</string>
		</dict>
		<key>01AD7EDB1CDCD57300211144</key>
		<dict>
			<key>buildSettings</key>
			<dict>
				<key>ALWAYS_SEARCH_USER_PATHS</key>
				<string>NO</string>
				<key>CLANG_ALLOW_NON_MODULAR_INCLUDES_IN_FRAMEWORK_MODULES</key>
				<string>YES</string>
				<key>CLANG_ANALYZER_NONNULL</key>
				<string>YES</string>
				<key>CLANG_CXX_LANGUAGE_STANDARD</key>
				<string>gnu++0x</string>
				<key>CLANG_CXX_LIBRARY</key>
				<string>libc++</string>
				<key>CLANG_ENABLE_MODULES</key>
				<string>YES</string>
				<key>CLANG_ENABLE_OBJC_ARC</key>
				<string>YES</string>
				<key>CLANG_WARN_BOOL_CONVERSION</key>
				<string>YES</string>
				<key>CLANG_WARN_CONSTANT_CONVERSION</key>
				<string>YES</string>
				<key>CLANG_WARN_DIRECT_OBJC_ISA_USAGE</key>
				<string>YES_ERROR</string>
				<key>CLANG_WARN_EMPTY_BODY</key>
				<string>YES</string>
				<key>CLANG_WARN_ENUM_CONVERSION</key>
				<string>YES</string>
				<key>CLANG_WARN_INT_CONVERSION</key>
				<string>YES</string>
				<key>CLANG_WARN_OBJC_ROOT_CLASS</key>
				<string>YES_ERROR</string>
				<key>CLANG_WARN_UNREACHABLE_CODE</key>
				<string>YES</string>
				<key>CLANG_WARN__DUPLICATE_METHOD_MATCH</key>
				<string>YES</string>
				<key>CODE_SIGN_IDENTITY[sdk=iphoneos*]</key>
				<string>iPhone Developer</string>
				<key>COPY_PHASE_STRIP</key>
				<string>NO</string>
				<key>DEBUG_INFORMATION_FORMAT</key>
				<string>dwarf-with-dsym</string>
				<key>ENABLE_NS_ASSERTIONS</key>
				<string>NO</string>
				<key>ENABLE_STRICT_OBJC_MSGSEND</key>
				<string>YES</string>
				<key>GCC_C_LANGUAGE_STANDARD</key>
				<string>gnu99</string>
				<key>GCC_NO_COMMON_BLOCKS</key>
				<string>YES</string>
				<key>GCC_WARN_64_TO_32_BIT_CONVERSION</key>
				<string>YES</string>
				<key>GCC_WARN_ABOUT_RETURN_TYPE</key>
				<string>YES_ERROR</string>
				<key>GCC_WARN_UNDECLARED_SELECTOR</key>
				<string>YES</string>
				<key>GCC_WARN_UNINITIALIZED_AUTOS</key>
				<string>YES_AGGRESSIVE</string>
				<key>GCC_WARN_UNUSED_FUNCTION</key>
				<string>YES</string>
				<key>GCC_WARN_UNUSED_VARIABLE</key>
				<string>YES</string>
				<key>IPHONEOS_DEPLOYMENT_TARGET</key>
				<string>8.0</string>
				<key>MTL_ENABLE_DEBUG_INFO</key>
				<string>NO</string>
				<key>SDKROOT</key>
				<string>iphoneos</string>
				<key>VALIDATE_PRODUCT</key>
				<string>YES</string>
			</dict>
			<key>isa</key>
			<string>XCBuildConfiguration</string>
			<key>name</key>
			<string>Release</string>
		</dict>
		<key>01AD7EDC1CDCD57300211144</key>
		<dict>
			<key>buildConfigurations</key>
			<array>
				<string>01AD7EDD1CDCD57300211144</string>
				<string>01AD7EDE1CDCD57300211144</string>
			</array>
			<key>defaultConfigurationIsVisible</key>
			<string>0</string>
			<key>defaultConfigurationName</key>
			<string>Release</string>
			<key>isa</key>
			<string>XCConfigurationList</string>
		</dict>
		<key>01AD7EDD1CDCD57300211144</key>
		<dict>
			<key>baseConfigurationReference</key>
			<string>8B5EC33B1AFAE2E61862B714</string>
			<key>buildSettings</key>
			<dict>
				<key>ASSETCATALOG_COMPILER_APPICON_NAME</key>
				<string>AppIcon</string>
				<key>CLANG_ALLOW_NON_MODULAR_INCLUDES_IN_FRAMEWORK_MODULES</key>
				<string>YES</string>
				<key>CODE_SIGN_IDENTITY</key>
				<string>iPhone Developer</string>
				<key>INFOPLIST_FILE</key>
				<string>buzu/Info.plist</string>
				<key>IPHONEOS_DEPLOYMENT_TARGET</key>
				<string>8.0</string>
				<key>LD_RUNPATH_SEARCH_PATHS</key>
				<string>$(inherited) @executable_path/Frameworks</string>
				<key>PRODUCT_BUNDLE_IDENTIFIER</key>
				<string>com.rihurla.buzu</string>
				<key>PRODUCT_NAME</key>
				<string>$(TARGET_NAME)</string>
				<key>SWIFT_OBJC_BRIDGING_HEADER</key>
				<string>buzu-Bridging-Header.h</string>
			</dict>
			<key>isa</key>
			<string>XCBuildConfiguration</string>
			<key>name</key>
			<string>Debug</string>
		</dict>
		<key>01AD7EDE1CDCD57300211144</key>
		<dict>
			<key>baseConfigurationReference</key>
			<string>E63D9FEBF0DB337C22C4D225</string>
			<key>buildSettings</key>
			<dict>
				<key>ASSETCATALOG_COMPILER_APPICON_NAME</key>
				<string>AppIcon</string>
				<key>CLANG_ALLOW_NON_MODULAR_INCLUDES_IN_FRAMEWORK_MODULES</key>
				<string>YES</string>
				<key>CODE_SIGN_IDENTITY</key>
				<string>iPhone Developer</string>
				<key>INFOPLIST_FILE</key>
				<string>buzu/Info.plist</string>
				<key>IPHONEOS_DEPLOYMENT_TARGET</key>
				<string>8.0</string>
				<key>LD_RUNPATH_SEARCH_PATHS</key>
				<string>$(inherited) @executable_path/Frameworks</string>
				<key>PRODUCT_BUNDLE_IDENTIFIER</key>
				<string>com.rihurla.buzu</string>
				<key>PRODUCT_NAME</key>
				<string>$(TARGET_NAME)</string>
				<key>SWIFT_OBJC_BRIDGING_HEADER</key>
				<string>buzu-Bridging-Header.h</string>
			</dict>
			<key>isa</key>
			<string>XCBuildConfiguration</string>
			<key>name</key>
			<string>Release</string>
		</dict>
		<key>01AD7EDF1CDCD57300211144</key>
		<dict>
			<key>buildConfigurations</key>
			<array>
				<string>01AD7EE01CDCD57300211144</string>
				<string>01AD7EE11CDCD57300211144</string>
			</array>
			<key>defaultConfigurationIsVisible</key>
			<string>0</string>
			<key>defaultConfigurationName</key>
			<string>Release</string>
			<key>isa</key>
			<string>XCConfigurationList</string>
		</dict>
		<key>01AD7EE01CDCD57300211144</key>
		<dict>
			<key>baseConfigurationReference</key>
			<string>1E6E8291C5B5EC020C21BC81</string>
			<key>buildSettings</key>
			<dict>
				<key>BUNDLE_LOADER</key>
				<string>$(TEST_HOST)</string>
				<key>INFOPLIST_FILE</key>
				<string>buzuTests/Info.plist</string>
				<key>LD_RUNPATH_SEARCH_PATHS</key>
				<string>$(inherited) @executable_path/Frameworks @loader_path/Frameworks</string>
				<key>PRODUCT_BUNDLE_IDENTIFIER</key>
				<string>com.rihurla.buzuTests</string>
				<key>PRODUCT_NAME</key>
				<string>$(TARGET_NAME)</string>
				<key>TEST_HOST</key>
				<string>$(BUILT_PRODUCTS_DIR)/buzu.app/buzu</string>
			</dict>
			<key>isa</key>
			<string>XCBuildConfiguration</string>
			<key>name</key>
			<string>Debug</string>
		</dict>
		<key>01AD7EE11CDCD57300211144</key>
		<dict>
			<key>baseConfigurationReference</key>
			<string>AED2503F1046B3C7102D9BE1</string>
			<key>buildSettings</key>
			<dict>
				<key>BUNDLE_LOADER</key>
				<string>$(TEST_HOST)</string>
				<key>INFOPLIST_FILE</key>
				<string>buzuTests/Info.plist</string>
				<key>LD_RUNPATH_SEARCH_PATHS</key>
				<string>$(inherited) @executable_path/Frameworks @loader_path/Frameworks</string>
				<key>PRODUCT_BUNDLE_IDENTIFIER</key>
				<string>com.rihurla.buzuTests</string>
				<key>PRODUCT_NAME</key>
				<string>$(TARGET_NAME)</string>
				<key>TEST_HOST</key>
				<string>$(BUILT_PRODUCTS_DIR)/buzu.app/buzu</string>
			</dict>
			<key>isa</key>
			<string>XCBuildConfiguration</string>
			<key>name</key>
			<string>Release</string>
		</dict>
		<key>01AD7EE21CDCD57300211144</key>
		<dict>
			<key>buildConfigurations</key>
			<array>
				<string>01AD7EE31CDCD57300211144</string>
				<string>01AD7EE41CDCD57300211144</string>
			</array>
			<key>defaultConfigurationIsVisible</key>
			<string>0</string>
			<key>defaultConfigurationName</key>
			<string>Release</string>
			<key>isa</key>
			<string>XCConfigurationList</string>
		</dict>
		<key>01AD7EE31CDCD57300211144</key>
		<dict>
			<key>buildSettings</key>
			<dict>
				<key>INFOPLIST_FILE</key>
				<string>buzuUITests/Info.plist</string>
				<key>LD_RUNPATH_SEARCH_PATHS</key>
				<string>$(inherited) @executable_path/Frameworks @loader_path/Frameworks</string>
				<key>PRODUCT_BUNDLE_IDENTIFIER</key>
				<string>com.rihurla.buzuUITests</string>
				<key>PRODUCT_NAME</key>
				<string>$(TARGET_NAME)</string>
				<key>TEST_TARGET_NAME</key>
				<string>buzu</string>
			</dict>
			<key>isa</key>
			<string>XCBuildConfiguration</string>
			<key>name</key>
			<string>Debug</string>
		</dict>
		<key>01AD7EE41CDCD57300211144</key>
		<dict>
			<key>buildSettings</key>
			<dict>
				<key>INFOPLIST_FILE</key>
				<string>buzuUITests/Info.plist</string>
				<key>LD_RUNPATH_SEARCH_PATHS</key>
				<string>$(inherited) @executable_path/Frameworks @loader_path/Frameworks</string>
				<key>PRODUCT_BUNDLE_IDENTIFIER</key>
				<string>com.rihurla.buzuUITests</string>
				<key>PRODUCT_NAME</key>
				<string>$(TARGET_NAME)</string>
				<key>TEST_TARGET_NAME</key>
				<string>buzu</string>
			</dict>
			<key>isa</key>
			<string>XCBuildConfiguration</string>
			<key>name</key>
			<string>Release</string>
		</dict>
		<key>01AD7EE51CDCD8CB00211144</key>
		<dict>
			<key>children</key>
			<array>
				<string>01AD7EE81CDCD91000211144</string>
				<string>01E0F1D61CE22D86009B2147</string>
				<string>01AD7EE61CDCD8E400211144</string>
			</array>
			<key>isa</key>
			<string>PBXGroup</string>
			<key>name</key>
			<string>Service</string>
			<key>sourceTree</key>
			<string>&lt;group&gt;</string>
		</dict>
		<key>01AD7EE61CDCD8E400211144</key>
		<dict>
			<key>fileEncoding</key>
			<string>4</string>
			<key>isa</key>
			<string>PBXFileReference</string>
			<key>lastKnownFileType</key>
			<string>sourcecode.swift</string>
			<key>name</key>
			<string>ServiceManager.swift</string>
			<key>path</key>
			<string>Services/ServiceManager.swift</string>
			<key>sourceTree</key>
			<string>&lt;group&gt;</string>
		</dict>
		<key>01AD7EE71CDCD8E400211144</key>
		<dict>
			<key>fileRef</key>
			<string>01AD7EE61CDCD8E400211144</string>
			<key>isa</key>
			<string>PBXBuildFile</string>
		</dict>
		<key>01AD7EE81CDCD91000211144</key>
		<dict>
			<key>fileEncoding</key>
			<string>4</string>
			<key>isa</key>
			<string>PBXFileReference</string>
			<key>lastKnownFileType</key>
			<string>sourcecode.swift</string>
			<key>name</key>
			<string>Constants.swift</string>
			<key>path</key>
			<string>Services/Constants.swift</string>
			<key>sourceTree</key>
			<string>&lt;group&gt;</string>
		</dict>
		<key>01AD7EE91CDCD91000211144</key>
		<dict>
			<key>fileRef</key>
			<string>01AD7EE81CDCD91000211144</string>
			<key>isa</key>
			<string>PBXBuildFile</string>
		</dict>
		<key>01AD7EEC1CDCDF5300211144</key>
		<dict>
			<key>children</key>
			<array>
				<string>01C648121D0EF3D5008BF607</string>
				<string>01E0F1D81CE33981009B2147</string>
				<string>01AD7EED1CDCDF5B00211144</string>
			</array>
			<key>isa</key>
			<string>PBXGroup</string>
			<key>name</key>
			<string>Controllers</string>
			<key>sourceTree</key>
			<string>&lt;group&gt;</string>
		</dict>
		<key>01AD7EED1CDCDF5B00211144</key>
		<dict>
			<key>children</key>
			<array>
				<string>019561431D05CB48000178D1</string>
				<string>01E0F1D91CE33A41009B2147</string>
				<string>019561451D05CB88000178D1</string>
				<string>016F47991D0EE4EB002798B2</string>
			</array>
			<key>isa</key>
			<string>PBXGroup</string>
			<key>name</key>
			<string>Views</string>
			<key>sourceTree</key>
			<string>&lt;group&gt;</string>
		</dict>
		<key>01AD7EF01CE088F900211144</key>
		<dict>
			<key>fileEncoding</key>
			<string>4</string>
			<key>isa</key>
			<string>PBXFileReference</string>
			<key>lastKnownFileType</key>
			<string>sourcecode.swift</string>
			<key>path</key>
			<string>BZTabBarController.swift</string>
			<key>sourceTree</key>
			<string>&lt;group&gt;</string>
		</dict>
		<key>01AD7EF11CE088F900211144</key>
		<dict>
			<key>fileRef</key>
			<string>01AD7EF01CE088F900211144</string>
			<key>isa</key>
			<string>PBXBuildFile</string>
		</dict>
		<key>01C648121D0EF3D5008BF607</key>
		<dict>
			<key>children</key>
			<array>
				<string>01C648131D0EF401008BF607</string>
			</array>
			<key>isa</key>
			<string>PBXGroup</string>
			<key>name</key>
			<string>Annotation</string>
			<key>sourceTree</key>
			<string>&lt;group&gt;</string>
		</dict>
		<key>01C648131D0EF401008BF607</key>
		<dict>
			<key>fileEncoding</key>
			<string>4</string>
			<key>isa</key>
			<string>PBXFileReference</string>
			<key>lastKnownFileType</key>
			<string>sourcecode.swift</string>
			<key>name</key>
			<string>BusAnnotation.swift</string>
			<key>path</key>
			<string>Controllers/Annotation/BusAnnotation.swift</string>
			<key>sourceTree</key>
			<string>&lt;group&gt;</string>
		</dict>
		<key>01C648141D0EF401008BF607</key>
		<dict>
			<key>fileRef</key>
			<string>01C648131D0EF401008BF607</string>
			<key>isa</key>
			<string>PBXBuildFile</string>
		</dict>
		<key>01E0F1D61CE22D86009B2147</key>
		<dict>
			<key>fileEncoding</key>
			<string>4</string>
			<key>isa</key>
			<string>PBXFileReference</string>
			<key>lastKnownFileType</key>
			<string>sourcecode.swift</string>
			<key>name</key>
			<string>AppManager.swift</string>
			<key>path</key>
			<string>Services/AppManager.swift</string>
			<key>sourceTree</key>
			<string>&lt;group&gt;</string>
		</dict>
		<key>01E0F1D71CE22D86009B2147</key>
		<dict>
			<key>fileRef</key>
			<string>01E0F1D61CE22D86009B2147</string>
			<key>isa</key>
			<string>PBXBuildFile</string>
		</dict>
		<key>01E0F1D81CE33981009B2147</key>
		<dict>
			<key>children</key>
			<array>
				<string>01E720AD1D10637D00160F66</string>
				<string>01E720AE1D10638400160F66</string>
				<string>01E720B31D1063B800160F66</string>
			</array>
			<key>isa</key>
			<string>PBXGroup</string>
			<key>name</key>
			<string>Cells</string>
			<key>sourceTree</key>
			<string>&lt;group&gt;</string>
		</dict>
		<key>01E0F1D91CE33A41009B2147</key>
		<dict>
			<key>fileEncoding</key>
			<string>4</string>
			<key>isa</key>
			<string>PBXFileReference</string>
			<key>lastKnownFileType</key>
			<string>sourcecode.swift</string>
			<key>name</key>
			<string>SearchViewController.swift</string>
			<key>path</key>
			<string>Controllers/SearchViewController.swift</string>
			<key>sourceTree</key>
			<string>&lt;group&gt;</string>
		</dict>
		<key>01E0F1DA1CE33A41009B2147</key>
		<dict>
			<key>fileRef</key>
			<string>01E0F1D91CE33A41009B2147</string>
			<key>isa</key>
			<string>PBXBuildFile</string>
		</dict>
		<key>01E0F1DB1CE33A7D009B2147</key>
		<dict>
			<key>fileEncoding</key>
			<string>4</string>
			<key>isa</key>
			<string>PBXFileReference</string>
			<key>lastKnownFileType</key>
			<string>file.xib</string>
			<key>name</key>
			<string>BusLaneTableViewCell.xib</string>
			<key>path</key>
			<string>Controllers/Cells/BusLaneTableViewCell.xib</string>
			<key>sourceTree</key>
			<string>&lt;group&gt;</string>
		</dict>
		<key>01E0F1DC1CE33A7D009B2147</key>
		<dict>
			<key>fileRef</key>
			<string>01E0F1DB1CE33A7D009B2147</string>
			<key>isa</key>
			<string>PBXBuildFile</string>
		</dict>
		<key>01E0F1DD1CE33A8A009B2147</key>
		<dict>
			<key>fileEncoding</key>
			<string>4</string>
			<key>isa</key>
			<string>PBXFileReference</string>
			<key>lastKnownFileType</key>
			<string>sourcecode.swift</string>
			<key>name</key>
			<string>BusLaneTableViewCell.swift</string>
			<key>path</key>
			<string>Controllers/Cells/BusLaneTableViewCell.swift</string>
			<key>sourceTree</key>
			<string>&lt;group&gt;</string>
		</dict>
		<key>01E0F1DE1CE33A8A009B2147</key>
		<dict>
			<key>fileRef</key>
			<string>01E0F1DD1CE33A8A009B2147</string>
			<key>isa</key>
			<string>PBXBuildFile</string>
		</dict>
		<key>01E720A91D104F7F00160F66</key>
		<dict>
			<key>isa</key>
			<string>PBXFileReference</string>
			<key>lastKnownFileType</key>
			<string>folder.assetcatalog</string>
			<key>path</key>
			<string>Assets.xcassets</string>
			<key>sourceTree</key>
			<string>&lt;group&gt;</string>
		</dict>
		<key>01E720AA1D104F7F00160F66</key>
		<dict>
			<key>fileRef</key>
			<string>01E720A91D104F7F00160F66</string>
			<key>isa</key>
			<string>PBXBuildFile</string>
		</dict>
		<key>01E720AD1D10637D00160F66</key>
		<dict>
			<key>children</key>
			<array>
				<string>019561561D072571000178D1</string>
				<string>019561581D072585000178D1</string>
			</array>
			<key>isa</key>
			<string>PBXGroup</string>
			<key>name</key>
			<string>Placeholder</string>
			<key>sourceTree</key>
			<string>&lt;group&gt;</string>
		</dict>
		<key>01E720AE1D10638400160F66</key>
		<dict>
			<key>children</key>
			<array>
				<string>01E0F1DD1CE33A8A009B2147</string>
				<string>01E0F1DB1CE33A7D009B2147</string>
			</array>
			<key>isa</key>
			<string>PBXGroup</string>
			<key>name</key>
			<string>BusLane</string>
			<key>sourceTree</key>
			<string>&lt;group&gt;</string>
		</dict>
		<key>01E720AF1D1063A000160F66</key>
		<dict>
			<key>fileEncoding</key>
			<string>4</string>
			<key>isa</key>
			<string>PBXFileReference</string>
			<key>lastKnownFileType</key>
			<string>sourcecode.swift</string>
			<key>name</key>
			<string>FeedTableViewCell.swift</string>
			<key>path</key>
			<string>Controllers/Cells/FeedTableViewCell.swift</string>
			<key>sourceTree</key>
			<string>&lt;group&gt;</string>
		</dict>
		<key>01E720B01D1063A000160F66</key>
		<dict>
			<key>fileRef</key>
			<string>01E720AF1D1063A000160F66</string>
			<key>isa</key>
			<string>PBXBuildFile</string>
		</dict>
		<key>01E720B11D1063B300160F66</key>
		<dict>
			<key>fileEncoding</key>
			<string>4</string>
			<key>isa</key>
			<string>PBXFileReference</string>
			<key>lastKnownFileType</key>
			<string>file.xib</string>
			<key>name</key>
			<string>FeedTableViewCell.xib</string>
			<key>path</key>
			<string>Controllers/Cells/FeedTableViewCell.xib</string>
			<key>sourceTree</key>
			<string>&lt;group&gt;</string>
		</dict>
		<key>01E720B21D1063B300160F66</key>
		<dict>
			<key>fileRef</key>
			<string>01E720B11D1063B300160F66</string>
			<key>isa</key>
			<string>PBXBuildFile</string>
		</dict>
		<key>01E720B31D1063B800160F66</key>
		<dict>
			<key>children</key>
			<array>
				<string>01E720AF1D1063A000160F66</string>
				<string>01E720B11D1063B300160F66</string>
			</array>
			<key>isa</key>
			<string>PBXGroup</string>
			<key>name</key>
			<string>Feed</string>
			<key>sourceTree</key>
			<string>&lt;group&gt;</string>
		</dict>
		<key>032C553DA38CBDFD79682552</key>
		<dict>
			<key>buildActionMask</key>
			<string>2147483647</string>
			<key>files</key>
			<array/>
			<key>inputPaths</key>
			<array/>
			<key>isa</key>
			<string>PBXShellScriptBuildPhase</string>
			<key>name</key>
			<string>Embed Pods Frameworks</string>
			<key>outputPaths</key>
			<array/>
			<key>runOnlyForDeploymentPostprocessing</key>
			<string>0</string>
			<key>shellPath</key>
			<string>/bin/sh</string>
			<key>shellScript</key>
			<string>"${SRCROOT}/Pods/Target Support Files/Pods-buzuTests/Pods-buzuTests-frameworks.sh"
</string>
			<key>showEnvVarsInLog</key>
			<string>0</string>
		</dict>
		<key>0850BDF3EE1188424F67EB87</key>
		<dict>
			<key>buildActionMask</key>
			<string>2147483647</string>
			<key>files</key>
			<array/>
			<key>inputPaths</key>
			<array/>
			<key>isa</key>
			<string>PBXShellScriptBuildPhase</string>
			<key>name</key>
			<string>Check Pods Manifest.lock</string>
			<key>outputPaths</key>
			<array/>
			<key>runOnlyForDeploymentPostprocessing</key>
			<string>0</string>
			<key>shellPath</key>
			<string>/bin/sh</string>
			<key>shellScript</key>
			<string>diff "${PODS_ROOT}/../Podfile.lock" "${PODS_ROOT}/Manifest.lock" &gt; /dev/null
if [[ $? != 0 ]] ; then
    cat &lt;&lt; EOM
error: The sandbox is not in sync with the Podfile.lock. Run 'pod install' or update your CocoaPods installation.
EOM
    exit 1
fi
</string>
			<key>showEnvVarsInLog</key>
			<string>0</string>
		</dict>
		<key>1DD6EBF43AFB029BEAF7A650</key>
		<dict>
			<key>children</key>
			<array>
				<string>8B5EC33B1AFAE2E61862B714</string>
				<string>E63D9FEBF0DB337C22C4D225</string>
				<string>1E6E8291C5B5EC020C21BC81</string>
				<string>AED2503F1046B3C7102D9BE1</string>
			</array>
			<key>isa</key>
			<string>PBXGroup</string>
			<key>name</key>
			<string>Pods</string>
			<key>sourceTree</key>
			<string>&lt;group&gt;</string>
		</dict>
		<key>1E6E8291C5B5EC020C21BC81</key>
		<dict>
			<key>includeInIndex</key>
			<string>1</string>
			<key>isa</key>
			<string>PBXFileReference</string>
			<key>lastKnownFileType</key>
			<string>text.xcconfig</string>
			<key>name</key>
			<string>Pods-buzuTests.debug.xcconfig</string>
			<key>path</key>
			<string>Pods/Target Support Files/Pods-buzuTests/Pods-buzuTests.debug.xcconfig</string>
			<key>sourceTree</key>
			<string>&lt;group&gt;</string>
		</dict>
		<key>4326226307BE9A4E5AA0462D</key>
		<dict>
			<key>fileRef</key>
			<string>53DD459B778DC8137809A202</string>
			<key>isa</key>
			<string>PBXBuildFile</string>
		</dict>
		<key>53DD459B778DC8137809A202</key>
		<dict>
			<key>explicitFileType</key>
			<string>wrapper.framework</string>
			<key>includeInIndex</key>
			<string>0</string>
			<key>isa</key>
			<string>PBXFileReference</string>
			<key>path</key>
			<string>Pods_buzuTests.framework</string>
			<key>sourceTree</key>
			<string>BUILT_PRODUCTS_DIR</string>
		</dict>
		<key>5483EDE74DCE1DFA2944B912</key>
		<dict>
			<key>buildActionMask</key>
			<string>2147483647</string>
			<key>files</key>
			<array/>
			<key>inputPaths</key>
			<array/>
			<key>isa</key>
			<string>PBXShellScriptBuildPhase</string>
			<key>name</key>
			<string>Copy Pods Resources</string>
			<key>outputPaths</key>
			<array/>
			<key>runOnlyForDeploymentPostprocessing</key>
			<string>0</string>
			<key>shellPath</key>
			<string>/bin/sh</string>
			<key>shellScript</key>
			<string>"${SRCROOT}/Pods/Target Support Files/Pods-buzuTests/Pods-buzuTests-resources.sh"
</string>
			<key>showEnvVarsInLog</key>
			<string>0</string>
		</dict>
		<key>551BC556505B334E9FB4BE82</key>
		<dict>
			<key>buildActionMask</key>
			<string>2147483647</string>
			<key>files</key>
			<array/>
			<key>inputPaths</key>
			<array/>
			<key>isa</key>
			<string>PBXShellScriptBuildPhase</string>
			<key>name</key>
			<string>Check Pods Manifest.lock</string>
			<key>outputPaths</key>
			<array/>
			<key>runOnlyForDeploymentPostprocessing</key>
			<string>0</string>
			<key>shellPath</key>
			<string>/bin/sh</string>
			<key>shellScript</key>
			<string>diff "${PODS_ROOT}/../Podfile.lock" "${PODS_ROOT}/Manifest.lock" &gt; /dev/null
if [[ $? != 0 ]] ; then
    cat &lt;&lt; EOM
error: The sandbox is not in sync with the Podfile.lock. Run 'pod install' or update your CocoaPods installation.
EOM
    exit 1
fi
</string>
			<key>showEnvVarsInLog</key>
			<string>0</string>
		</dict>
		<key>65CE5AC828FE79B83D27FF09</key>
		<dict>
			<key>buildActionMask</key>
			<string>2147483647</string>
			<key>files</key>
			<array/>
			<key>inputPaths</key>
			<array/>
			<key>isa</key>
			<string>PBXShellScriptBuildPhase</string>
			<key>name</key>
			<string>Embed Pods Frameworks</string>
			<key>outputPaths</key>
			<array/>
			<key>runOnlyForDeploymentPostprocessing</key>
			<string>0</string>
			<key>shellPath</key>
			<string>/bin/sh</string>
			<key>shellScript</key>
			<string>"${SRCROOT}/Pods/Target Support Files/Pods-buzu/Pods-buzu-frameworks.sh"
</string>
			<key>showEnvVarsInLog</key>
			<string>0</string>
		</dict>
		<key>74428ED52B1BDF69F5678ACB</key>
		<dict>
			<key>explicitFileType</key>
			<string>wrapper.framework</string>
			<key>includeInIndex</key>
			<string>0</string>
			<key>isa</key>
			<string>PBXFileReference</string>
			<key>path</key>
			<string>Pods_buzu.framework</string>
			<key>sourceTree</key>
			<string>BUILT_PRODUCTS_DIR</string>
		</dict>
		<key>79556FD9E12C50793EE6FAF9</key>
		<dict>
			<key>buildActionMask</key>
			<string>2147483647</string>
			<key>files</key>
			<array/>
			<key>inputPaths</key>
			<array/>
			<key>isa</key>
			<string>PBXShellScriptBuildPhase</string>
			<key>name</key>
			<string>Copy Pods Resources</string>
			<key>outputPaths</key>
			<array/>
			<key>runOnlyForDeploymentPostprocessing</key>
			<string>0</string>
			<key>shellPath</key>
			<string>/bin/sh</string>
			<key>shellScript</key>
			<string>"${SRCROOT}/Pods/Target Support Files/Pods-buzu/Pods-buzu-resources.sh"
</string>
			<key>showEnvVarsInLog</key>
			<string>0</string>
		</dict>
		<key>8B5EC33B1AFAE2E61862B714</key>
		<dict>
			<key>includeInIndex</key>
			<string>1</string>
			<key>isa</key>
			<string>PBXFileReference</string>
			<key>lastKnownFileType</key>
			<string>text.xcconfig</string>
			<key>name</key>
			<string>Pods-buzu.debug.xcconfig</string>
			<key>path</key>
			<string>Pods/Target Support Files/Pods-buzu/Pods-buzu.debug.xcconfig</string>
			<key>sourceTree</key>
			<string>&lt;group&gt;</string>
		</dict>
		<key>934CB61231656E21393E951F</key>
		<dict>
			<key>fileRef</key>
			<string>74428ED52B1BDF69F5678ACB</string>
			<key>isa</key>
			<string>PBXBuildFile</string>
		</dict>
		<key>AD43FCCE3C4A9BF986E42F57</key>
		<dict>
			<key>children</key>
			<array>
				<string>74428ED52B1BDF69F5678ACB</string>
				<string>53DD459B778DC8137809A202</string>
			</array>
			<key>isa</key>
			<string>PBXGroup</string>
			<key>name</key>
			<string>Frameworks</string>
			<key>sourceTree</key>
			<string>&lt;group&gt;</string>
		</dict>
		<key>AED2503F1046B3C7102D9BE1</key>
		<dict>
			<key>includeInIndex</key>
			<string>1</string>
			<key>isa</key>
			<string>PBXFileReference</string>
			<key>lastKnownFileType</key>
			<string>text.xcconfig</string>
			<key>name</key>
			<string>Pods-buzuTests.release.xcconfig</string>
			<key>path</key>
			<string>Pods/Target Support Files/Pods-buzuTests/Pods-buzuTests.release.xcconfig</string>
			<key>sourceTree</key>
			<string>&lt;group&gt;</string>
		</dict>
		<key>E63D9FEBF0DB337C22C4D225</key>
		<dict>
			<key>includeInIndex</key>
			<string>1</string>
			<key>isa</key>
			<string>PBXFileReference</string>
			<key>lastKnownFileType</key>
			<string>text.xcconfig</string>
			<key>name</key>
			<string>Pods-buzu.release.xcconfig</string>
			<key>path</key>
			<string>Pods/Target Support Files/Pods-buzu/Pods-buzu.release.xcconfig</string>
			<key>sourceTree</key>
			<string>&lt;group&gt;</string>
		</dict>
	</dict>
	<key>rootObject</key>
	<string>01AD7EAC1CDCD57300211144</string>
</dict>
</plist>
